
Microsoft Visual Studio Solution File, Format Version 12.00
# Visual Studio Version 17
VisualStudioVersion = 17.10.35013.160
MinimumVisualStudioVersion = 10.0.40219.1
Project("{FAE04EC0-301F-11D3-BF4B-00C04F79EFBC}") = "gRPCService", "gRPCService\gRPCService.csproj", "{6332C44E-769C-4CAB-B956-3C53D445AA78}"
EndProject
Project("{FAE04EC0-301F-11D3-BF4B-00C04F79EFBC}") = "GrpcClient23", "GrpcClient23\GrpcClient23.csproj", "{4B7B1EEE-17AD-4F07-96F1-C07809B57722}"
EndProject
Global
	GlobalSection(SolutionConfigurationPlatforms) = preSolution
		Debug|Any CPU = Debug|Any CPU
		Release|Any CPU = Release|Any CPU
	EndGlobalSection
	GlobalSection(ProjectConfigurationPlatforms) = postSolution
		{6332C44E-769C-4CAB-B956-3C53D445AA78}.Debug|Any CPU.ActiveCfg = Debug|Any CPU
		{6332C44E-769C-4CAB-B956-3C53D445AA78}.Debug|Any CPU.Build.0 = Debug|Any CPU
		{6332C44E-769C-4CAB-B956-3C53D445AA78}.Release|Any CPU.ActiveCfg = Release|Any CPU
		{6332C44E-769C-4CAB-B956-3C53D445AA78}.Release|Any CPU.Build.0 = Release|Any CPU
		{4B7B1EEE-17AD-4F07-96F1-C07809B57722}.Debug|Any CPU.ActiveCfg = Debug|Any CPU
		{4B7B1EEE-17AD-4F07-96F1-C07809B57722}.Debug|Any CPU.Build.0 = Debug|Any CPU
		{4B7B1EEE-17AD-4F07-96F1-C07809B57722}.Release|Any CPU.ActiveCfg = Release|Any CPU
		{4B7B1EEE-17AD-4F07-96F1-C07809B57722}.Release|Any CPU.Build.0 = Release|Any CPU
	EndGlobalSection
	GlobalSection(SolutionProperties) = preSolution
		HideSolutionNode = FALSE
	EndGlobalSection
	GlobalSection(ExtensibilityGlobals) = postSolution
		SolutionGuid = {3AE66CA2-A1FE-4D03-A596-FEDA7B53C595}
	EndGlobalSection
EndGlobal
